
Microsoft Visual Studio Solution File, Format Version 12.00
# Visual Studio Version 17
VisualStudioVersion = 17.4.33213.308
MinimumVisualStudioVersion = 10.0.40219.1
Project("{2150E333-8FDC-42A3-9474-1A3956D46DE8}") = "api", "api", "{B076D41F-89AE-4463-829E-72D31792BAEC}"
EndProject
Project("{9A19103F-16F7-4668-BE54-9A1E7A4F7556}") = "VSoft.Company.DQU.DealQuotation.Api.Base", "api\VSoft.Company.DQU.DealQuotation.Api.Base\VSoft.Company.DQU.DealQuotation.Api.Base.csproj", "{6D85225B-5460-4DD1-8F1B-94B76EE662E2}"
EndProject
Project("{9A19103F-16F7-4668-BE54-9A1E7A4F7556}") = "VSoft.Company.DQU.DealQuotation.Api.Cfg", "api\VSoft.Company.DQU.DealQuotation.Api.Cfg\VSoft.Company.DQU.DealQuotation.Api.Cfg.csproj", "{88BED040-F809-48D7-84B0-CCA00566CBB8}"
EndProject
Project("{9A19103F-16F7-4668-BE54-9A1E7A4F7556}") = "VSoft.Company.DQU.DealQuotation.Api.Controller", "api\VSoft.Company.DQU.DealQuotation.Api.Controller\VSoft.Company.DQU.DealQuotation.Api.Controller.csproj", "{05E54C6F-6774-4D10-A4E2-52C82531A163}"
EndProject
Project("{9A19103F-16F7-4668-BE54-9A1E7A4F7556}") = "VSoft.Company.DQU.DealQuotation.Api.Controller.Base", "api\VSoft.Company.DQU.DealQuotation.Api.Controller.Base\VSoft.Company.DQU.DealQuotation.Api.Controller.Base.csproj", "{2B86C472-8599-4BB5-8944-FD8E4604D7A1}"
EndProject
Project("{9A19103F-16F7-4668-BE54-9A1E7A4F7556}") = "VSoft.Company.DQU.DealQuotation.Api.Controller.Bearer", "api\VSoft.Company.DQU.DealQuotation.Api.Controller.Bearer\VSoft.Company.DQU.DealQuotation.Api.Controller.Bearer.csproj", "{7BEBB265-1AEC-4295-AFD4-D6B1556E3DB4}"
EndProject
Project("{9A19103F-16F7-4668-BE54-9A1E7A4F7556}") = "VSoft.Company.DQU.DealQuotation.Api.UnitTest", "api\VSoft.Company.DQU.DealQuotation.Api.UnitTest\VSoft.Company.DQU.DealQuotation.Api.UnitTest.csproj", "{C345F77B-1DE6-4AC5-A7C0-9A831DB4B3BA}"
EndProject
Project("{9A19103F-16F7-4668-BE54-9A1E7A4F7556}") = "VSoft.Company.DQU.DealQuotation.Api.UnitTest.Real", "api\VSoft.Company.DQU.DealQuotation.Api.UnitTest.Real\VSoft.Company.DQU.DealQuotation.Api.UnitTest.Real.csproj", "{3D9B3AC7-CDC6-49B3-A7F3-993BFA3E0FCE}"
EndProject
Project("{9A19103F-16F7-4668-BE54-9A1E7A4F7556}") = "VSoft.Company.DQU.DealQuotation.Api.UnitTest.Test", "api\VSoft.Company.DQU.DealQuotation.Api.UnitTest.Test\VSoft.Company.DQU.DealQuotation.Api.UnitTest.Test.csproj", "{1989DAEC-221D-49B2-871C-B56F4D78C141}"
EndProject
Project("{2150E333-8FDC-42A3-9474-1A3956D46DE8}") = "bus", "bus", "{4C32A4A1-22A0-47D2-996B-8E90B6A8F6DF}"
EndProject
Project("{9A19103F-16F7-4668-BE54-9A1E7A4F7556}") = "VSoft.Company.DQU.DealQuotation.Business", "bus\VSoft.Company.DQU.DealQuotation.Business\VSoft.Company.DQU.DealQuotation.Business.csproj", "{AD6837F5-C047-4997-A7B6-B4A6EE4B39C0}"
EndProject
Project("{9A19103F-16F7-4668-BE54-9A1E7A4F7556}") = "VSoft.Company.DQU.DealQuotation.Business.Cfg", "bus\VSoft.Company.DQU.DealQuotation.Business.Cfg\VSoft.Company.DQU.DealQuotation.Business.Cfg.csproj", "{90C5768E-1E15-4F4E-AC52-B9ABBA21B3A2}"
EndProject
Project("{9A19103F-16F7-4668-BE54-9A1E7A4F7556}") = "VSoft.Company.DQU.DealQuotation.Business.Dto", "bus\VSoft.Company.DQU.DealQuotation.Business.Dto\VSoft.Company.DQU.DealQuotation.Business.Dto.csproj", "{43C5A2DB-92FA-482F-9124-6C7DD0751AFC}"
EndProject
Project("{9A19103F-16F7-4668-BE54-9A1E7A4F7556}") = "VSoft.Company.DQU.DealQuotation.Business.Dto.Extension", "bus\VSoft.Company.DQU.DealQuotation.Business.Dto.Extension\VSoft.Company.DQU.DealQuotation.Business.Dto.Extension.csproj", "{3BB02932-9693-4306-A213-DC4ADE4239CD}"
EndProject
Project("{9A19103F-16F7-4668-BE54-9A1E7A4F7556}") = "VSoft.Company.DQU.DealQuotation.Business.Provider", "bus\VSoft.Company.DQU.DealQuotation.Business.Provider\VSoft.Company.DQU.DealQuotation.Business.Provider.csproj", "{075CBA6F-CFAF-4353-8A18-FA3BD0DC7B46}"
EndProject
Project("{9A19103F-16F7-4668-BE54-9A1E7A4F7556}") = "VSoft.Company.DQU.DealQuotation.Business.Provider.Password", "bus\VSoft.Company.DQU.DealQuotation.Business.Provider.Password\VSoft.Company.DQU.DealQuotation.Business.Provider.Password.csproj", "{4110CD75-B6BF-4045-B8A1-2FFF45C67539}"
EndProject
Project("{9A19103F-16F7-4668-BE54-9A1E7A4F7556}") = "VSoft.Company.DQU.DealQuotation.Business.UnitTest", "bus\VSoft.Company.DQU.DealQuotation.Business.UnitTest\VSoft.Company.DQU.DealQuotation.Business.UnitTest.csproj", "{00EFD194-7D8F-480F-B9EC-8B879E6C677C}"
EndProject
Project("{9A19103F-16F7-4668-BE54-9A1E7A4F7556}") = "VSoft.Company.DQU.DealQuotation.Business.UnitTest.Real", "bus\VSoft.Company.DQU.DealQuotation.Business.UnitTest.Real\VSoft.Company.DQU.DealQuotation.Business.UnitTest.Real.csproj", "{9ED6969C-2E72-4516-8239-A88439B438C5}"
EndProject
Project("{9A19103F-16F7-4668-BE54-9A1E7A4F7556}") = "VSoft.Company.DQU.DealQuotation.Business.UnitTest.Test", "bus\VSoft.Company.DQU.DealQuotation.Business.UnitTest.Test\VSoft.Company.DQU.DealQuotation.Business.UnitTest.Test.csproj", "{A6DC0F2E-C24A-490F-A603-836F1AAD119F}"
EndProject
Project("{2150E333-8FDC-42A3-9474-1A3956D46DE8}") = "client", "client", "{ECEEDBAC-D7D6-4498-ADDC-8380394044F2}"
EndProject
Project("{9A19103F-16F7-4668-BE54-9A1E7A4F7556}") = "VSoft.Company.DQU.DealQuotation.Client", "client\VSoft.Company.DQU.DealQuotation.Client\VSoft.Company.DQU.DealQuotation.Client.csproj", "{B8CDA397-318A-4A18-93AD-10CCF12AD539}"
EndProject
Project("{9A19103F-16F7-4668-BE54-9A1E7A4F7556}") = "VSoft.Company.DQU.DealQuotation.Client.Provider", "client\VSoft.Company.DQU.DealQuotation.Client.Provider\VSoft.Company.DQU.DealQuotation.Client.Provider.csproj", "{BEEDC03B-3650-4E07-8F22-F3D6F9D5AFD3}"
EndProject
Project("{9A19103F-16F7-4668-BE54-9A1E7A4F7556}") = "VSoft.Company.DQU.DealQuotation.Client.UnitTest", "client\VSoft.Company.DQU.DealQuotation.Client.UnitTest\VSoft.Company.DQU.DealQuotation.Client.UnitTest.csproj", "{4DDDE65A-9230-4106-BA78-8062D62B5692}"
EndProject
Project("{9A19103F-16F7-4668-BE54-9A1E7A4F7556}") = "VSoft.Company.DQU.DealQuotation.Client.UnitTest.Real", "client\VSoft.Company.DQU.DealQuotation.Client.UnitTest.Real\VSoft.Company.DQU.DealQuotation.Client.UnitTest.Real.csproj", "{A07BF348-CE2D-4868-A96A-C407AC962510}"
EndProject
Project("{9A19103F-16F7-4668-BE54-9A1E7A4F7556}") = "VSoft.Company.DQU.DealQuotation.Client.UnitTest.Test", "client\VSoft.Company.DQU.DealQuotation.Client.UnitTest.Test\VSoft.Company.DQU.DealQuotation.Client.UnitTest.Test.csproj", "{72A7A2A0-343B-4100-A773-0BC494B3EF98}"
EndProject
Project("{2150E333-8FDC-42A3-9474-1A3956D46DE8}") = "data", "data", "{BC9B468D-7A9E-4CFB-89CC-F0186607B36B}"
EndProject
Project("{9A19103F-16F7-4668-BE54-9A1E7A4F7556}") = "VSoft.Company.DQU.DealQuotation.Data.Db", "data\VSoft.Company.DQU.DealQuotation.Data.Db\VSoft.Company.DQU.DealQuotation.Data.Db.csproj", "{55BCEE10-82EF-4AD3-926D-55A59E440EFA}"
EndProject
Project("{9A19103F-16F7-4668-BE54-9A1E7A4F7556}") = "VSoft.Company.DQU.DealQuotation.Data.Entity", "data\VSoft.Company.DQU.DealQuotation.Data.Entity\VSoft.Company.DQU.DealQuotation.Data.Entity.csproj", "{5063FF70-8028-49A6-81A0-F12B7066A1E5}"
EndProject
Project("{9A19103F-16F7-4668-BE54-9A1E7A4F7556}") = "VSoft.Company.DQU.DealQuotation.Data.Migrate", "data\VSoft.Company.DQU.DealQuotation.Data.Migrate\VSoft.Company.DQU.DealQuotation.Data.Migrate.csproj", "{B6C39324-251F-4736-954D-F06CE171B72A}"
EndProject
Project("{9A19103F-16F7-4668-BE54-9A1E7A4F7556}") = "VSoft.Company.DQU.DealQuotation.Data.Migrate.Real", "data\VSoft.Company.DQU.DealQuotation.Data.Migrate.Real\VSoft.Company.DQU.DealQuotation.Data.Migrate.Real.csproj", "{02D48A35-42D5-42E4-8542-D26B653D7D1F}"
EndProject
Project("{9A19103F-16F7-4668-BE54-9A1E7A4F7556}") = "VSoft.Company.DQU.DealQuotation.Data.Migrate.Test", "data\VSoft.Company.DQU.DealQuotation.Data.Migrate.Test\VSoft.Company.DQU.DealQuotation.Data.Migrate.Test.csproj", "{78B1D053-0813-4C69-BD5A-FD5B5189EB1D}"
EndProject
Project("{2150E333-8FDC-42A3-9474-1A3956D46DE8}") = "repository", "repository", "{9F4D9C53-22FB-44C4-AEFD-390400F746F2}"
EndProject
Project("{9A19103F-16F7-4668-BE54-9A1E7A4F7556}") = "VSoft.Company.DQU.DealQuotation.Repository", "repository\VSoft.Company.DQU.DealQuotation.Repository\VSoft.Company.DQU.DealQuotation.Repository.csproj", "{D3AB3ACD-8C43-41DF-90A8-0B77A3F68A82}"
EndProject
Project("{9A19103F-16F7-4668-BE54-9A1E7A4F7556}") = "VSoft.Company.DQU.DealQuotation.Repository.App", "repository\VSoft.Company.DQU.DealQuotation.Repository.App\VSoft.Company.DQU.DealQuotation.Repository.App.csproj", "{BA7A358A-F826-4D0D-B34C-20D77BAE0940}"
EndProject
Project("{9A19103F-16F7-4668-BE54-9A1E7A4F7556}") = "VSoft.Company.DQU.DealQuotation.Repository.Efc", "repository\VSoft.Company.DQU.DealQuotation.Repository.Efc\VSoft.Company.DQU.DealQuotation.Repository.Efc.csproj", "{5F688BC6-2C71-42AF-B7F7-BF9B16B24AE0}"
EndProject
Project("{9A19103F-16F7-4668-BE54-9A1E7A4F7556}") = "VSoft.Company.DQU.DealQuotation.Repository.Efc.Provider", "repository\VSoft.Company.DQU.DealQuotation.Repository.Efc.Provider\VSoft.Company.DQU.DealQuotation.Repository.Efc.Provider.csproj", "{ED5095A8-7D2F-49B8-8634-21F321AF07BA}"
EndProject
Project("{9A19103F-16F7-4668-BE54-9A1E7A4F7556}") = "VSoft.Company.DQU.DealQuotation.Repository.UnitTest", "repository\VSoft.Company.DQU.DealQuotation.Repository.UnitTest\VSoft.Company.DQU.DealQuotation.Repository.UnitTest.csproj", "{68C18D84-287E-463F-8F91-12E61FAD9A73}"
EndProject
Project("{9A19103F-16F7-4668-BE54-9A1E7A4F7556}") = "VSoft.Company.DQU.DealQuotation.Repository.UnitTest.Real", "repository\VSoft.Company.DQU.DealQuotation.Repository.UnitTest.Real\VSoft.Company.DQU.DealQuotation.Repository.UnitTest.Real.csproj", "{40DB0EB6-4565-4CD1-B819-410D1031FB1B}"
EndProject
Project("{9A19103F-16F7-4668-BE54-9A1E7A4F7556}") = "VSoft.Company.DQU.DealQuotation.Repository.UnitTest.Test", "repository\VSoft.Company.DQU.DealQuotation.Repository.UnitTest.Test\VSoft.Company.DQU.DealQuotation.Repository.UnitTest.Test.csproj", "{5997AE7B-1C20-440F-8CFD-4F7B450AF796}"
EndProject
Global
	GlobalSection(SolutionConfigurationPlatforms) = preSolution
		Debug|Any CPU = Debug|Any CPU
		Release|Any CPU = Release|Any CPU
	EndGlobalSection
	GlobalSection(ProjectConfigurationPlatforms) = postSolution
		{6D85225B-5460-4DD1-8F1B-94B76EE662E2}.Debug|Any CPU.ActiveCfg = Debug|Any CPU
		{6D85225B-5460-4DD1-8F1B-94B76EE662E2}.Debug|Any CPU.Build.0 = Debug|Any CPU
		{6D85225B-5460-4DD1-8F1B-94B76EE662E2}.Release|Any CPU.ActiveCfg = Release|Any CPU
		{6D85225B-5460-4DD1-8F1B-94B76EE662E2}.Release|Any CPU.Build.0 = Release|Any CPU
		{88BED040-F809-48D7-84B0-CCA00566CBB8}.Debug|Any CPU.ActiveCfg = Debug|Any CPU
		{88BED040-F809-48D7-84B0-CCA00566CBB8}.Debug|Any CPU.Build.0 = Debug|Any CPU
		{88BED040-F809-48D7-84B0-CCA00566CBB8}.Release|Any CPU.ActiveCfg = Release|Any CPU
		{88BED040-F809-48D7-84B0-CCA00566CBB8}.Release|Any CPU.Build.0 = Release|Any CPU
		{05E54C6F-6774-4D10-A4E2-52C82531A163}.Debug|Any CPU.ActiveCfg = Debug|Any CPU
		{05E54C6F-6774-4D10-A4E2-52C82531A163}.Debug|Any CPU.Build.0 = Debug|Any CPU
		{05E54C6F-6774-4D10-A4E2-52C82531A163}.Release|Any CPU.ActiveCfg = Release|Any CPU
		{05E54C6F-6774-4D10-A4E2-52C82531A163}.Release|Any CPU.Build.0 = Release|Any CPU
		{2B86C472-8599-4BB5-8944-FD8E4604D7A1}.Debug|Any CPU.ActiveCfg = Debug|Any CPU
		{2B86C472-8599-4BB5-8944-FD8E4604D7A1}.Debug|Any CPU.Build.0 = Debug|Any CPU
		{2B86C472-8599-4BB5-8944-FD8E4604D7A1}.Release|Any CPU.ActiveCfg = Release|Any CPU
		{2B86C472-8599-4BB5-8944-FD8E4604D7A1}.Release|Any CPU.Build.0 = Release|Any CPU
		{7BEBB265-1AEC-4295-AFD4-D6B1556E3DB4}.Debug|Any CPU.ActiveCfg = Debug|Any CPU
		{7BEBB265-1AEC-4295-AFD4-D6B1556E3DB4}.Debug|Any CPU.Build.0 = Debug|Any CPU
		{7BEBB265-1AEC-4295-AFD4-D6B1556E3DB4}.Release|Any CPU.ActiveCfg = Release|Any CPU
		{7BEBB265-1AEC-4295-AFD4-D6B1556E3DB4}.Release|Any CPU.Build.0 = Release|Any CPU
		{C345F77B-1DE6-4AC5-A7C0-9A831DB4B3BA}.Debug|Any CPU.ActiveCfg = Debug|Any CPU
		{C345F77B-1DE6-4AC5-A7C0-9A831DB4B3BA}.Debug|Any CPU.Build.0 = Debug|Any CPU
		{C345F77B-1DE6-4AC5-A7C0-9A831DB4B3BA}.Release|Any CPU.ActiveCfg = Release|Any CPU
		{C345F77B-1DE6-4AC5-A7C0-9A831DB4B3BA}.Release|Any CPU.Build.0 = Release|Any CPU
		{3D9B3AC7-CDC6-49B3-A7F3-993BFA3E0FCE}.Debug|Any CPU.ActiveCfg = Debug|Any CPU
		{3D9B3AC7-CDC6-49B3-A7F3-993BFA3E0FCE}.Debug|Any CPU.Build.0 = Debug|Any CPU
		{3D9B3AC7-CDC6-49B3-A7F3-993BFA3E0FCE}.Release|Any CPU.ActiveCfg = Release|Any CPU
		{3D9B3AC7-CDC6-49B3-A7F3-993BFA3E0FCE}.Release|Any CPU.Build.0 = Release|Any CPU
		{1989DAEC-221D-49B2-871C-B56F4D78C141}.Debug|Any CPU.ActiveCfg = Debug|Any CPU
		{1989DAEC-221D-49B2-871C-B56F4D78C141}.Debug|Any CPU.Build.0 = Debug|Any CPU
		{1989DAEC-221D-49B2-871C-B56F4D78C141}.Release|Any CPU.ActiveCfg = Release|Any CPU
		{1989DAEC-221D-49B2-871C-B56F4D78C141}.Release|Any CPU.Build.0 = Release|Any CPU
		{AD6837F5-C047-4997-A7B6-B4A6EE4B39C0}.Debug|Any CPU.ActiveCfg = Debug|Any CPU
		{AD6837F5-C047-4997-A7B6-B4A6EE4B39C0}.Debug|Any CPU.Build.0 = Debug|Any CPU
		{AD6837F5-C047-4997-A7B6-B4A6EE4B39C0}.Release|Any CPU.ActiveCfg = Release|Any CPU
		{AD6837F5-C047-4997-A7B6-B4A6EE4B39C0}.Release|Any CPU.Build.0 = Release|Any CPU
		{90C5768E-1E15-4F4E-AC52-B9ABBA21B3A2}.Debug|Any CPU.ActiveCfg = Debug|Any CPU
		{90C5768E-1E15-4F4E-AC52-B9ABBA21B3A2}.Debug|Any CPU.Build.0 = Debug|Any CPU
		{90C5768E-1E15-4F4E-AC52-B9ABBA21B3A2}.Release|Any CPU.ActiveCfg = Release|Any CPU
		{90C5768E-1E15-4F4E-AC52-B9ABBA21B3A2}.Release|Any CPU.Build.0 = Release|Any CPU
		{43C5A2DB-92FA-482F-9124-6C7DD0751AFC}.Debug|Any CPU.ActiveCfg = Debug|Any CPU
		{43C5A2DB-92FA-482F-9124-6C7DD0751AFC}.Debug|Any CPU.Build.0 = Debug|Any CPU
		{43C5A2DB-92FA-482F-9124-6C7DD0751AFC}.Release|Any CPU.ActiveCfg = Release|Any CPU
		{43C5A2DB-92FA-482F-9124-6C7DD0751AFC}.Release|Any CPU.Build.0 = Release|Any CPU
		{3BB02932-9693-4306-A213-DC4ADE4239CD}.Debug|Any CPU.ActiveCfg = Debug|Any CPU
		{3BB02932-9693-4306-A213-DC4ADE4239CD}.Debug|Any CPU.Build.0 = Debug|Any CPU
		{3BB02932-9693-4306-A213-DC4ADE4239CD}.Release|Any CPU.ActiveCfg = Release|Any CPU
		{3BB02932-9693-4306-A213-DC4ADE4239CD}.Release|Any CPU.Build.0 = Release|Any CPU
		{075CBA6F-CFAF-4353-8A18-FA3BD0DC7B46}.Debug|Any CPU.ActiveCfg = Debug|Any CPU
		{075CBA6F-CFAF-4353-8A18-FA3BD0DC7B46}.Debug|Any CPU.Build.0 = Debug|Any CPU
		{075CBA6F-CFAF-4353-8A18-FA3BD0DC7B46}.Release|Any CPU.ActiveCfg = Release|Any CPU
		{075CBA6F-CFAF-4353-8A18-FA3BD0DC7B46}.Release|Any CPU.Build.0 = Release|Any CPU
		{4110CD75-B6BF-4045-B8A1-2FFF45C67539}.Debug|Any CPU.ActiveCfg = Debug|Any CPU
		{4110CD75-B6BF-4045-B8A1-2FFF45C67539}.Debug|Any CPU.Build.0 = Debug|Any CPU
		{4110CD75-B6BF-4045-B8A1-2FFF45C67539}.Release|Any CPU.ActiveCfg = Release|Any CPU
		{4110CD75-B6BF-4045-B8A1-2FFF45C67539}.Release|Any CPU.Build.0 = Release|Any CPU
		{00EFD194-7D8F-480F-B9EC-8B879E6C677C}.Debug|Any CPU.ActiveCfg = Debug|Any CPU
		{00EFD194-7D8F-480F-B9EC-8B879E6C677C}.Debug|Any CPU.Build.0 = Debug|Any CPU
		{00EFD194-7D8F-480F-B9EC-8B879E6C677C}.Release|Any CPU.ActiveCfg = Release|Any CPU
		{00EFD194-7D8F-480F-B9EC-8B879E6C677C}.Release|Any CPU.Build.0 = Release|Any CPU
		{9ED6969C-2E72-4516-8239-A88439B438C5}.Debug|Any CPU.ActiveCfg = Debug|Any CPU
		{9ED6969C-2E72-4516-8239-A88439B438C5}.Debug|Any CPU.Build.0 = Debug|Any CPU
		{9ED6969C-2E72-4516-8239-A88439B438C5}.Release|Any CPU.ActiveCfg = Release|Any CPU
		{9ED6969C-2E72-4516-8239-A88439B438C5}.Release|Any CPU.Build.0 = Release|Any CPU
		{A6DC0F2E-C24A-490F-A603-836F1AAD119F}.Debug|Any CPU.ActiveCfg = Debug|Any CPU
		{A6DC0F2E-C24A-490F-A603-836F1AAD119F}.Debug|Any CPU.Build.0 = Debug|Any CPU
		{A6DC0F2E-C24A-490F-A603-836F1AAD119F}.Release|Any CPU.ActiveCfg = Release|Any CPU
		{A6DC0F2E-C24A-490F-A603-836F1AAD119F}.Release|Any CPU.Build.0 = Release|Any CPU
		{B8CDA397-318A-4A18-93AD-10CCF12AD539}.Debug|Any CPU.ActiveCfg = Debug|Any CPU
		{B8CDA397-318A-4A18-93AD-10CCF12AD539}.Debug|Any CPU.Build.0 = Debug|Any CPU
		{B8CDA397-318A-4A18-93AD-10CCF12AD539}.Release|Any CPU.ActiveCfg = Release|Any CPU
		{B8CDA397-318A-4A18-93AD-10CCF12AD539}.Release|Any CPU.Build.0 = Release|Any CPU
		{BEEDC03B-3650-4E07-8F22-F3D6F9D5AFD3}.Debug|Any CPU.ActiveCfg = Debug|Any CPU
		{BEEDC03B-3650-4E07-8F22-F3D6F9D5AFD3}.Debug|Any CPU.Build.0 = Debug|Any CPU
		{BEEDC03B-3650-4E07-8F22-F3D6F9D5AFD3}.Release|Any CPU.ActiveCfg = Release|Any CPU
		{BEEDC03B-3650-4E07-8F22-F3D6F9D5AFD3}.Release|Any CPU.Build.0 = Release|Any CPU
		{4DDDE65A-9230-4106-BA78-8062D62B5692}.Debug|Any CPU.ActiveCfg = Debug|Any CPU
		{4DDDE65A-9230-4106-BA78-8062D62B5692}.Debug|Any CPU.Build.0 = Debug|Any CPU
		{4DDDE65A-9230-4106-BA78-8062D62B5692}.Release|Any CPU.ActiveCfg = Release|Any CPU
		{4DDDE65A-9230-4106-BA78-8062D62B5692}.Release|Any CPU.Build.0 = Release|Any CPU
		{A07BF348-CE2D-4868-A96A-C407AC962510}.Debug|Any CPU.ActiveCfg = Debug|Any CPU
		{A07BF348-CE2D-4868-A96A-C407AC962510}.Debug|Any CPU.Build.0 = Debug|Any CPU
		{A07BF348-CE2D-4868-A96A-C407AC962510}.Release|Any CPU.ActiveCfg = Release|Any CPU
		{A07BF348-CE2D-4868-A96A-C407AC962510}.Release|Any CPU.Build.0 = Release|Any CPU
		{72A7A2A0-343B-4100-A773-0BC494B3EF98}.Debug|Any CPU.ActiveCfg = Debug|Any CPU
		{72A7A2A0-343B-4100-A773-0BC494B3EF98}.Debug|Any CPU.Build.0 = Debug|Any CPU
		{72A7A2A0-343B-4100-A773-0BC494B3EF98}.Release|Any CPU.ActiveCfg = Release|Any CPU
		{72A7A2A0-343B-4100-A773-0BC494B3EF98}.Release|Any CPU.Build.0 = Release|Any CPU
		{55BCEE10-82EF-4AD3-926D-55A59E440EFA}.Debug|Any CPU.ActiveCfg = Debug|Any CPU
		{55BCEE10-82EF-4AD3-926D-55A59E440EFA}.Debug|Any CPU.Build.0 = Debug|Any CPU
		{55BCEE10-82EF-4AD3-926D-55A59E440EFA}.Release|Any CPU.ActiveCfg = Release|Any CPU
		{55BCEE10-82EF-4AD3-926D-55A59E440EFA}.Release|Any CPU.Build.0 = Release|Any CPU
		{5063FF70-8028-49A6-81A0-F12B7066A1E5}.Debug|Any CPU.ActiveCfg = Debug|Any CPU
		{5063FF70-8028-49A6-81A0-F12B7066A1E5}.Debug|Any CPU.Build.0 = Debug|Any CPU
		{5063FF70-8028-49A6-81A0-F12B7066A1E5}.Release|Any CPU.ActiveCfg = Release|Any CPU
		{5063FF70-8028-49A6-81A0-F12B7066A1E5}.Release|Any CPU.Build.0 = Release|Any CPU
		{B6C39324-251F-4736-954D-F06CE171B72A}.Debug|Any CPU.ActiveCfg = Debug|Any CPU
		{B6C39324-251F-4736-954D-F06CE171B72A}.Debug|Any CPU.Build.0 = Debug|Any CPU
		{B6C39324-251F-4736-954D-F06CE171B72A}.Release|Any CPU.ActiveCfg = Release|Any CPU
		{B6C39324-251F-4736-954D-F06CE171B72A}.Release|Any CPU.Build.0 = Release|Any CPU
		{02D48A35-42D5-42E4-8542-D26B653D7D1F}.Debug|Any CPU.ActiveCfg = Debug|Any CPU
		{02D48A35-42D5-42E4-8542-D26B653D7D1F}.Debug|Any CPU.Build.0 = Debug|Any CPU
		{02D48A35-42D5-42E4-8542-D26B653D7D1F}.Release|Any CPU.ActiveCfg = Release|Any CPU
		{02D48A35-42D5-42E4-8542-D26B653D7D1F}.Release|Any CPU.Build.0 = Release|Any CPU
		{78B1D053-0813-4C69-BD5A-FD5B5189EB1D}.Debug|Any CPU.ActiveCfg = Debug|Any CPU
		{78B1D053-0813-4C69-BD5A-FD5B5189EB1D}.Debug|Any CPU.Build.0 = Debug|Any CPU
		{78B1D053-0813-4C69-BD5A-FD5B5189EB1D}.Release|Any CPU.ActiveCfg = Release|Any CPU
		{78B1D053-0813-4C69-BD5A-FD5B5189EB1D}.Release|Any CPU.Build.0 = Release|Any CPU
		{D3AB3ACD-8C43-41DF-90A8-0B77A3F68A82}.Debug|Any CPU.ActiveCfg = Debug|Any CPU
		{D3AB3ACD-8C43-41DF-90A8-0B77A3F68A82}.Debug|Any CPU.Build.0 = Debug|Any CPU
		{D3AB3ACD-8C43-41DF-90A8-0B77A3F68A82}.Release|Any CPU.ActiveCfg = Release|Any CPU
		{D3AB3ACD-8C43-41DF-90A8-0B77A3F68A82}.Release|Any CPU.Build.0 = Release|Any CPU
		{BA7A358A-F826-4D0D-B34C-20D77BAE0940}.Debug|Any CPU.ActiveCfg = Debug|Any CPU
		{BA7A358A-F826-4D0D-B34C-20D77BAE0940}.Debug|Any CPU.Build.0 = Debug|Any CPU
		{BA7A358A-F826-4D0D-B34C-20D77BAE0940}.Release|Any CPU.ActiveCfg = Release|Any CPU
		{BA7A358A-F826-4D0D-B34C-20D77BAE0940}.Release|Any CPU.Build.0 = Release|Any CPU
		{5F688BC6-2C71-42AF-B7F7-BF9B16B24AE0}.Debug|Any CPU.ActiveCfg = Debug|Any CPU
		{5F688BC6-2C71-42AF-B7F7-BF9B16B24AE0}.Debug|Any CPU.Build.0 = Debug|Any CPU
		{5F688BC6-2C71-42AF-B7F7-BF9B16B24AE0}.Release|Any CPU.ActiveCfg = Release|Any CPU
		{5F688BC6-2C71-42AF-B7F7-BF9B16B24AE0}.Release|Any CPU.Build.0 = Release|Any CPU
		{ED5095A8-7D2F-49B8-8634-21F321AF07BA}.Debug|Any CPU.ActiveCfg = Debug|Any CPU
		{ED5095A8-7D2F-49B8-8634-21F321AF07BA}.Debug|Any CPU.Build.0 = Debug|Any CPU
		{ED5095A8-7D2F-49B8-8634-21F321AF07BA}.Release|Any CPU.ActiveCfg = Release|Any CPU
		{ED5095A8-7D2F-49B8-8634-21F321AF07BA}.Release|Any CPU.Build.0 = Release|Any CPU
		{68C18D84-287E-463F-8F91-12E61FAD9A73}.Debug|Any CPU.ActiveCfg = Debug|Any CPU
		{68C18D84-287E-463F-8F91-12E61FAD9A73}.Debug|Any CPU.Build.0 = Debug|Any CPU
		{68C18D84-287E-463F-8F91-12E61FAD9A73}.Release|Any CPU.ActiveCfg = Release|Any CPU
		{68C18D84-287E-463F-8F91-12E61FAD9A73}.Release|Any CPU.Build.0 = Release|Any CPU
		{40DB0EB6-4565-4CD1-B819-410D1031FB1B}.Debug|Any CPU.ActiveCfg = Debug|Any CPU
		{40DB0EB6-4565-4CD1-B819-410D1031FB1B}.Debug|Any CPU.Build.0 = Debug|Any CPU
		{40DB0EB6-4565-4CD1-B819-410D1031FB1B}.Release|Any CPU.ActiveCfg = Release|Any CPU
		{40DB0EB6-4565-4CD1-B819-410D1031FB1B}.Release|Any CPU.Build.0 = Release|Any CPU
		{5997AE7B-1C20-440F-8CFD-4F7B450AF796}.Debug|Any CPU.ActiveCfg = Debug|Any CPU
		{5997AE7B-1C20-440F-8CFD-4F7B450AF796}.Debug|Any CPU.Build.0 = Debug|Any CPU
		{5997AE7B-1C20-440F-8CFD-4F7B450AF796}.Release|Any CPU.ActiveCfg = Release|Any CPU
		{5997AE7B-1C20-440F-8CFD-4F7B450AF796}.Release|Any CPU.Build.0 = Release|Any CPU
	EndGlobalSection
	GlobalSection(SolutionProperties) = preSolution
		HideSolutionNode = FALSE
	EndGlobalSection
	GlobalSection(NestedProjects) = preSolution
		{6D85225B-5460-4DD1-8F1B-94B76EE662E2} = {B076D41F-89AE-4463-829E-72D31792BAEC}
		{88BED040-F809-48D7-84B0-CCA00566CBB8} = {B076D41F-89AE-4463-829E-72D31792BAEC}
		{05E54C6F-6774-4D10-A4E2-52C82531A163} = {B076D41F-89AE-4463-829E-72D31792BAEC}
		{2B86C472-8599-4BB5-8944-FD8E4604D7A1} = {B076D41F-89AE-4463-829E-72D31792BAEC}
		{7BEBB265-1AEC-4295-AFD4-D6B1556E3DB4} = {B076D41F-89AE-4463-829E-72D31792BAEC}
		{C345F77B-1DE6-4AC5-A7C0-9A831DB4B3BA} = {B076D41F-89AE-4463-829E-72D31792BAEC}
		{3D9B3AC7-CDC6-49B3-A7F3-993BFA3E0FCE} = {B076D41F-89AE-4463-829E-72D31792BAEC}
		{1989DAEC-221D-49B2-871C-B56F4D78C141} = {B076D41F-89AE-4463-829E-72D31792BAEC}
		{AD6837F5-C047-4997-A7B6-B4A6EE4B39C0} = {4C32A4A1-22A0-47D2-996B-8E90B6A8F6DF}
		{90C5768E-1E15-4F4E-AC52-B9ABBA21B3A2} = {4C32A4A1-22A0-47D2-996B-8E90B6A8F6DF}
		{43C5A2DB-92FA-482F-9124-6C7DD0751AFC} = {4C32A4A1-22A0-47D2-996B-8E90B6A8F6DF}
		{3BB02932-9693-4306-A213-DC4ADE4239CD} = {4C32A4A1-22A0-47D2-996B-8E90B6A8F6DF}
		{075CBA6F-CFAF-4353-8A18-FA3BD0DC7B46} = {4C32A4A1-22A0-47D2-996B-8E90B6A8F6DF}
		{4110CD75-B6BF-4045-B8A1-2FFF45C67539} = {4C32A4A1-22A0-47D2-996B-8E90B6A8F6DF}
		{00EFD194-7D8F-480F-B9EC-8B879E6C677C} = {4C32A4A1-22A0-47D2-996B-8E90B6A8F6DF}
		{9ED6969C-2E72-4516-8239-A88439B438C5} = {4C32A4A1-22A0-47D2-996B-8E90B6A8F6DF}
		{A6DC0F2E-C24A-490F-A603-836F1AAD119F} = {4C32A4A1-22A0-47D2-996B-8E90B6A8F6DF}
		{B8CDA397-318A-4A18-93AD-10CCF12AD539} = {ECEEDBAC-D7D6-4498-ADDC-8380394044F2}
		{BEEDC03B-3650-4E07-8F22-F3D6F9D5AFD3} = {ECEEDBAC-D7D6-4498-ADDC-8380394044F2}
		{4DDDE65A-9230-4106-BA78-8062D62B5692} = {ECEEDBAC-D7D6-4498-ADDC-8380394044F2}
		{A07BF348-CE2D-4868-A96A-C407AC962510} = {ECEEDBAC-D7D6-4498-ADDC-8380394044F2}
		{72A7A2A0-343B-4100-A773-0BC494B3EF98} = {ECEEDBAC-D7D6-4498-ADDC-8380394044F2}
		{55BCEE10-82EF-4AD3-926D-55A59E440EFA} = {BC9B468D-7A9E-4CFB-89CC-F0186607B36B}
		{5063FF70-8028-49A6-81A0-F12B7066A1E5} = {BC9B468D-7A9E-4CFB-89CC-F0186607B36B}
		{B6C39324-251F-4736-954D-F06CE171B72A} = {BC9B468D-7A9E-4CFB-89CC-F0186607B36B}
		{02D48A35-42D5-42E4-8542-D26B653D7D1F} = {BC9B468D-7A9E-4CFB-89CC-F0186607B36B}
		{78B1D053-0813-4C69-BD5A-FD5B5189EB1D} = {BC9B468D-7A9E-4CFB-89CC-F0186607B36B}
		{D3AB3ACD-8C43-41DF-90A8-0B77A3F68A82} = {9F4D9C53-22FB-44C4-AEFD-390400F746F2}
		{BA7A358A-F826-4D0D-B34C-20D77BAE0940} = {9F4D9C53-22FB-44C4-AEFD-390400F746F2}
		{5F688BC6-2C71-42AF-B7F7-BF9B16B24AE0} = {9F4D9C53-22FB-44C4-AEFD-390400F746F2}
		{ED5095A8-7D2F-49B8-8634-21F321AF07BA} = {9F4D9C53-22FB-44C4-AEFD-390400F746F2}
		{68C18D84-287E-463F-8F91-12E61FAD9A73} = {9F4D9C53-22FB-44C4-AEFD-390400F746F2}
		{40DB0EB6-4565-4CD1-B819-410D1031FB1B} = {9F4D9C53-22FB-44C4-AEFD-390400F746F2}
		{5997AE7B-1C20-440F-8CFD-4F7B450AF796} = {9F4D9C53-22FB-44C4-AEFD-390400F746F2}
	EndGlobalSection
	GlobalSection(ExtensibilityGlobals) = postSolution
		SolutionGuid = {08B687DF-FC35-4BD6-AF92-9EEEE7462374}
	EndGlobalSection
EndGlobal
