
Microsoft Visual Studio Solution File, Format Version 12.00
# Visual Studio Version 17
VisualStudioVersion = 17.4.33213.308
MinimumVisualStudioVersion = 10.0.40219.1
Project("{9A19103F-16F7-4668-BE54-9A1E7A4F7556}") = "VSoft.Company.PRI.Priority.Business", "VSoft.Company.PRI.Priority.Business\VSoft.Company.PRI.Priority.Business.csproj", "{6DDA22BA-CBB2-4423-A5F6-40540B40B3B5}"
EndProject
Project("{9A19103F-16F7-4668-BE54-9A1E7A4F7556}") = "VSoft.Company.PRI.Priority.Business.Cfg", "VSoft.Company.PRI.Priority.Business.Cfg\VSoft.Company.PRI.Priority.Business.Cfg.csproj", "{48B74FD1-D3B8-466F-A351-DB372D92B657}"
EndProject
Project("{9A19103F-16F7-4668-BE54-9A1E7A4F7556}") = "VSoft.Company.PRI.Priority.Business.Dto", "VSoft.Company.PRI.Priority.Business.Dto\VSoft.Company.PRI.Priority.Business.Dto.csproj", "{68C37BBD-53E5-49D1-A809-EFC15B079F72}"
EndProject
Project("{9A19103F-16F7-4668-BE54-9A1E7A4F7556}") = "VSoft.Company.PRI.Priority.Business.Provider", "VSoft.Company.PRI.Priority.Business.Provider\VSoft.Company.PRI.Priority.Business.Provider.csproj", "{8D005575-8598-4C1C-8E18-5399B6D41F8A}"
EndProject
Project("{9A19103F-16F7-4668-BE54-9A1E7A4F7556}") = "VSoft.Company.PRI.Priority.Business.UnitTest", "VSoft.Company.PRI.Priority.Business.UnitTest\VSoft.Company.PRI.Priority.Business.UnitTest.csproj", "{E95FEAE3-5768-4A7D-A69C-E824DF732715}"
EndProject
Project("{9A19103F-16F7-4668-BE54-9A1E7A4F7556}") = "VSoft.Company.PRI.Priority.Business.UnitTest.Real", "VSoft.Company.PRI.Priority.Business.UnitTest.Real\VSoft.Company.PRI.Priority.Business.UnitTest.Real.csproj", "{9108061F-4008-42FB-A166-81DC7C1C5B82}"
EndProject
Project("{9A19103F-16F7-4668-BE54-9A1E7A4F7556}") = "VSoft.Company.PRI.Priority.Business.UnitTest.Test", "VSoft.Company.PRI.Priority.Business.UnitTest.Test\VSoft.Company.PRI.Priority.Business.UnitTest.Test.csproj", "{2C636036-FCAC-481A-AA8D-7A79E22BD20A}"
EndProject
Project("{9A19103F-16F7-4668-BE54-9A1E7A4F7556}") = "VSoft.Company.PRI.Priority.Business.Dto.Extension", "VSoft.Company.PRI.Priority.Business.Dto.Extension\VSoft.Company.PRI.Priority.Business.Dto.Extension.csproj", "{3765A33D-2EF6-4494-B11B-3AE1D74D2FD5}"
EndProject
Global
	GlobalSection(SolutionConfigurationPlatforms) = preSolution
		Debug|Any CPU = Debug|Any CPU
		Release|Any CPU = Release|Any CPU
	EndGlobalSection
	GlobalSection(ProjectConfigurationPlatforms) = postSolution
		{6DDA22BA-CBB2-4423-A5F6-40540B40B3B5}.Debug|Any CPU.ActiveCfg = Debug|Any CPU
		{6DDA22BA-CBB2-4423-A5F6-40540B40B3B5}.Debug|Any CPU.Build.0 = Debug|Any CPU
		{6DDA22BA-CBB2-4423-A5F6-40540B40B3B5}.Release|Any CPU.ActiveCfg = Release|Any CPU
		{6DDA22BA-CBB2-4423-A5F6-40540B40B3B5}.Release|Any CPU.Build.0 = Release|Any CPU
		{48B74FD1-D3B8-466F-A351-DB372D92B657}.Debug|Any CPU.ActiveCfg = Debug|Any CPU
		{48B74FD1-D3B8-466F-A351-DB372D92B657}.Debug|Any CPU.Build.0 = Debug|Any CPU
		{48B74FD1-D3B8-466F-A351-DB372D92B657}.Release|Any CPU.ActiveCfg = Release|Any CPU
		{48B74FD1-D3B8-466F-A351-DB372D92B657}.Release|Any CPU.Build.0 = Release|Any CPU
		{68C37BBD-53E5-49D1-A809-EFC15B079F72}.Debug|Any CPU.ActiveCfg = Debug|Any CPU
		{68C37BBD-53E5-49D1-A809-EFC15B079F72}.Debug|Any CPU.Build.0 = Debug|Any CPU
		{68C37BBD-53E5-49D1-A809-EFC15B079F72}.Release|Any CPU.ActiveCfg = Release|Any CPU
		{68C37BBD-53E5-49D1-A809-EFC15B079F72}.Release|Any CPU.Build.0 = Release|Any CPU
		{8D005575-8598-4C1C-8E18-5399B6D41F8A}.Debug|Any CPU.ActiveCfg = Debug|Any CPU
		{8D005575-8598-4C1C-8E18-5399B6D41F8A}.Debug|Any CPU.Build.0 = Debug|Any CPU
		{8D005575-8598-4C1C-8E18-5399B6D41F8A}.Release|Any CPU.ActiveCfg = Release|Any CPU
		{8D005575-8598-4C1C-8E18-5399B6D41F8A}.Release|Any CPU.Build.0 = Release|Any CPU
		{E95FEAE3-5768-4A7D-A69C-E824DF732715}.Debug|Any CPU.ActiveCfg = Debug|Any CPU
		{E95FEAE3-5768-4A7D-A69C-E824DF732715}.Debug|Any CPU.Build.0 = Debug|Any CPU
		{E95FEAE3-5768-4A7D-A69C-E824DF732715}.Release|Any CPU.ActiveCfg = Release|Any CPU
		{E95FEAE3-5768-4A7D-A69C-E824DF732715}.Release|Any CPU.Build.0 = Release|Any CPU
		{9108061F-4008-42FB-A166-81DC7C1C5B82}.Debug|Any CPU.ActiveCfg = Debug|Any CPU
		{9108061F-4008-42FB-A166-81DC7C1C5B82}.Debug|Any CPU.Build.0 = Debug|Any CPU
		{9108061F-4008-42FB-A166-81DC7C1C5B82}.Release|Any CPU.ActiveCfg = Release|Any CPU
		{9108061F-4008-42FB-A166-81DC7C1C5B82}.Release|Any CPU.Build.0 = Release|Any CPU
		{2C636036-FCAC-481A-AA8D-7A79E22BD20A}.Debug|Any CPU.ActiveCfg = Debug|Any CPU
		{2C636036-FCAC-481A-AA8D-7A79E22BD20A}.Debug|Any CPU.Build.0 = Debug|Any CPU
		{2C636036-FCAC-481A-AA8D-7A79E22BD20A}.Release|Any CPU.ActiveCfg = Release|Any CPU
		{2C636036-FCAC-481A-AA8D-7A79E22BD20A}.Release|Any CPU.Build.0 = Release|Any CPU
		{3765A33D-2EF6-4494-B11B-3AE1D74D2FD5}.Debug|Any CPU.ActiveCfg = Debug|Any CPU
		{3765A33D-2EF6-4494-B11B-3AE1D74D2FD5}.Debug|Any CPU.Build.0 = Debug|Any CPU
		{3765A33D-2EF6-4494-B11B-3AE1D74D2FD5}.Release|Any CPU.ActiveCfg = Release|Any CPU
		{3765A33D-2EF6-4494-B11B-3AE1D74D2FD5}.Release|Any CPU.Build.0 = Release|Any CPU
	EndGlobalSection
	GlobalSection(SolutionProperties) = preSolution
		HideSolutionNode = FALSE
	EndGlobalSection
	GlobalSection(ExtensibilityGlobals) = postSolution
		SolutionGuid = {08B687DF-FC35-4BD6-AF92-9EEEE7462374}
	EndGlobalSection
EndGlobal
